// !$*UTF8*$!
{
	archiveVersion = 1;
	classes = {
	};
	objectVersion = 50;
	objects = {

/* Begin PBXBuildFile section */
		827E39DC24E1CDD400CEBBC8 /* AppDelegate.swift in Sources */ = {isa = PBXBuildFile; fileRef = 827E39DB24E1CDD400CEBBC8 /* AppDelegate.swift */; };
		827E39DE24E1CDD400CEBBC8 /* SceneDelegate.swift in Sources */ = {isa = PBXBuildFile; fileRef = 827E39DD24E1CDD400CEBBC8 /* SceneDelegate.swift */; };
		827E39E024E1CDD400CEBBC8 /* ViewController.swift in Sources */ = {isa = PBXBuildFile; fileRef = 827E39DF24E1CDD400CEBBC8 /* ViewController.swift */; };
		827E39E324E1CDD400CEBBC8 /* Main.storyboard in Resources */ = {isa = PBXBuildFile; fileRef = 827E39E124E1CDD400CEBBC8 /* Main.storyboard */; };
		827E39E524E1CDDA00CEBBC8 /* Assets.xcassets in Resources */ = {isa = PBXBuildFile; fileRef = 827E39E424E1CDDA00CEBBC8 /* Assets.xcassets */; };
		827E39E824E1CDDA00CEBBC8 /* LaunchScreen.storyboard in Resources */ = {isa = PBXBuildFile; fileRef = 827E39E624E1CDDA00CEBBC8 /* LaunchScreen.storyboard */; };
		827E39F324E1CDDA00CEBBC8 /* tabExampleTests.swift in Sources */ = {isa = PBXBuildFile; fileRef = 827E39F224E1CDDA00CEBBC8 /* tabExampleTests.swift */; };
		827E39FE24E1CDDA00CEBBC8 /* tabExampleUITests.swift in Sources */ = {isa = PBXBuildFile; fileRef = 827E39FD24E1CDDA00CEBBC8 /* tabExampleUITests.swift */; };
/* End PBXBuildFile section */

/* Begin PBXContainerItemProxy section */
		827E39EF24E1CDDA00CEBBC8 /* PBXContainerItemProxy */ = {
			isa = PBXContainerItemProxy;
			containerPortal = 827E39D024E1CDD400CEBBC8 /* Project object */;
			proxyType = 1;
			remoteGlobalIDString = 827E39D724E1CDD400CEBBC8;
			remoteInfo = tabExample;
		};
		827E39FA24E1CDDA00CEBBC8 /* PBXContainerItemProxy */ = {
			isa = PBXContainerItemProxy;
			containerPortal = 827E39D024E1CDD400CEBBC8 /* Project object */;
			proxyType = 1;
			remoteGlobalIDString = 827E39D724E1CDD400CEBBC8;
			remoteInfo = tabExample;
		};
/* End PBXContainerItemProxy section */

/* Begin PBXFileReference section */
		827E39D824E1CDD400CEBBC8 /* tabExample.app */ = {isa = PBXFileReference; explicitFileType = wrapper.application; includeInIndex = 0; path = tabExample.app; sourceTree = BUILT_PRODUCTS_DIR; };
		827E39DB24E1CDD400CEBBC8 /* AppDelegate.swift */ = {isa = PBXFileReference; lastKnownFileType = sourcecode.swift; path = AppDelegate.swift; sourceTree = "<group>"; };
		827E39DD24E1CDD400CEBBC8 /* SceneDelegate.swift */ = {isa = PBXFileReference; lastKnownFileType = sourcecode.swift; path = SceneDelegate.swift; sourceTree = "<group>"; };
		827E39DF24E1CDD400CEBBC8 /* ViewController.swift */ = {isa = PBXFileReference; lastKnownFileType = sourcecode.swift; path = ViewController.swift; sourceTree = "<group>"; };
		827E39E224E1CDD400CEBBC8 /* Base */ = {isa = PBXFileReference; lastKnownFileType = file.storyboard; name = Base; path = Base.lproj/Main.storyboard; sourceTree = "<group>"; };
		827E39E424E1CDDA00CEBBC8 /* Assets.xcassets */ = {isa = PBXFileReference; lastKnownFileType = folder.assetcatalog; path = Assets.xcassets; sourceTree = "<group>"; };
		827E39E724E1CDDA00CEBBC8 /* Base */ = {isa = PBXFileReference; lastKnownFileType = file.storyboard; name = Base; path = Base.lproj/LaunchScreen.storyboard; sourceTree = "<group>"; };
		827E39E924E1CDDA00CEBBC8 /* Info.plist */ = {isa = PBXFileReference; lastKnownFileType = text.plist.xml; path = Info.plist; sourceTree = "<group>"; };
		827E39EE24E1CDDA00CEBBC8 /* tabExampleTests.xctest */ = {isa = PBXFileReference; explicitFileType = wrapper.cfbundle; includeInIndex = 0; path = tabExampleTests.xctest; sourceTree = BUILT_PRODUCTS_DIR; };
		827E39F224E1CDDA00CEBBC8 /* tabExampleTests.swift */ = {isa = PBXFileReference; lastKnownFileType = sourcecode.swift; path = tabExampleTests.swift; sourceTree = "<group>"; };
		827E39F424E1CDDA00CEBBC8 /* Info.plist */ = {isa = PBXFileReference; lastKnownFileType = text.plist.xml; path = Info.plist; sourceTree = "<group>"; };
		827E39F924E1CDDA00CEBBC8 /* tabExampleUITests.xctest */ = {isa = PBXFileReference; explicitFileType = wrapper.cfbundle; includeInIndex = 0; path = tabExampleUITests.xctest; sourceTree = BUILT_PRODUCTS_DIR; };
		827E39FD24E1CDDA00CEBBC8 /* tabExampleUITests.swift */ = {isa = PBXFileReference; lastKnownFileType = sourcecode.swift; path = tabExampleUITests.swift; sourceTree = "<group>"; };
		827E39FF24E1CDDA00CEBBC8 /* Info.plist */ = {isa = PBXFileReference; lastKnownFileType = text.plist.xml; path = Info.plist; sourceTree = "<group>"; };
/* End PBXFileReference section */

/* Begin PBXFrameworksBuildPhase section */
		827E39D524E1CDD400CEBBC8 /* Frameworks */ = {
			isa = PBXFrameworksBuildPhase;
			buildActionMask = 2147483647;
			files = (
			);
			runOnlyForDeploymentPostprocessing = 0;
		};
		827E39EB24E1CDDA00CEBBC8 /* Frameworks */ = {
			isa = PBXFrameworksBuildPhase;
			buildActionMask = 2147483647;
			files = (
			);
			runOnlyForDeploymentPostprocessing = 0;
		};
		827E39F624E1CDDA00CEBBC8 /* Frameworks */ = {
			isa = PBXFrameworksBuildPhase;
			buildActionMask = 2147483647;
			files = (
			);
			runOnlyForDeploymentPostprocessing = 0;
		};
/* End PBXFrameworksBuildPhase section */

/* Begin PBXGroup section */
		827E39CF24E1CDD400CEBBC8 = {
			isa = PBXGroup;
			children = (
				827E39DA24E1CDD400CEBBC8 /* tabExample */,
				827E39F124E1CDDA00CEBBC8 /* tabExampleTests */,
				827E39FC24E1CDDA00CEBBC8 /* tabExampleUITests */,
				827E39D924E1CDD400CEBBC8 /* Products */,
			);
			sourceTree = "<group>";
		};
		827E39D924E1CDD400CEBBC8 /* Products */ = {
			isa = PBXGroup;
			children = (
				827E39D824E1CDD400CEBBC8 /* tabExample.app */,
				827E39EE24E1CDDA00CEBBC8 /* tabExampleTests.xctest */,
				827E39F924E1CDDA00CEBBC8 /* tabExampleUITests.xctest */,
			);
			name = Products;
			sourceTree = "<group>";
		};
		827E39DA24E1CDD400CEBBC8 /* tabExample */ = {
			isa = PBXGroup;
			children = (
				827E39DB24E1CDD400CEBBC8 /* AppDelegate.swift */,
				827E39DD24E1CDD400CEBBC8 /* SceneDelegate.swift */,
				827E39DF24E1CDD400CEBBC8 /* ViewController.swift */,
				827E39E124E1CDD400CEBBC8 /* Main.storyboard */,
				827E39E424E1CDDA00CEBBC8 /* Assets.xcassets */,
				827E39E624E1CDDA00CEBBC8 /* LaunchScreen.storyboard */,
				827E39E924E1CDDA00CEBBC8 /* Info.plist */,
			);
			path = tabExample;
			sourceTree = "<group>";
		};
		827E39F124E1CDDA00CEBBC8 /* tabExampleTests */ = {
			isa = PBXGroup;
			children = (
				827E39F224E1CDDA00CEBBC8 /* tabExampleTests.swift */,
				827E39F424E1CDDA00CEBBC8 /* Info.plist */,
			);
			path = tabExampleTests;
			sourceTree = "<group>";
		};
		827E39FC24E1CDDA00CEBBC8 /* tabExampleUITests */ = {
			isa = PBXGroup;
			children = (
				827E39FD24E1CDDA00CEBBC8 /* tabExampleUITests.swift */,
				827E39FF24E1CDDA00CEBBC8 /* Info.plist */,
			);
			path = tabExampleUITests;
			sourceTree = "<group>";
		};
/* End PBXGroup section */

/* Begin PBXNativeTarget section */
		827E39D724E1CDD400CEBBC8 /* tabExample */ = {
			isa = PBXNativeTarget;
			buildConfigurationList = 827E3A0224E1CDDB00CEBBC8 /* Build configuration list for PBXNativeTarget "tabExample" */;
			buildPhases = (
				827E39D424E1CDD400CEBBC8 /* Sources */,
				827E39D524E1CDD400CEBBC8 /* Frameworks */,
				827E39D624E1CDD400CEBBC8 /* Resources */,
			);
			buildRules = (
			);
			dependencies = (
			);
			name = tabExample;
			productName = tabExample;
			productReference = 827E39D824E1CDD400CEBBC8 /* tabExample.app */;
			productType = "com.apple.product-type.application";
		};
		827E39ED24E1CDDA00CEBBC8 /* tabExampleTests */ = {
			isa = PBXNativeTarget;
			buildConfigurationList = 827E3A0524E1CDDB00CEBBC8 /* Build configuration list for PBXNativeTarget "tabExampleTests" */;
			buildPhases = (
				827E39EA24E1CDDA00CEBBC8 /* Sources */,
				827E39EB24E1CDDA00CEBBC8 /* Frameworks */,
				827E39EC24E1CDDA00CEBBC8 /* Resources */,
			);
			buildRules = (
			);
			dependencies = (
				827E39F024E1CDDA00CEBBC8 /* PBXTargetDependency */,
			);
			name = tabExampleTests;
			productName = tabExampleTests;
			productReference = 827E39EE24E1CDDA00CEBBC8 /* tabExampleTests.xctest */;
			productType = "com.apple.product-type.bundle.unit-test";
		};
		827E39F824E1CDDA00CEBBC8 /* tabExampleUITests */ = {
			isa = PBXNativeTarget;
			buildConfigurationList = 827E3A0824E1CDDB00CEBBC8 /* Build configuration list for PBXNativeTarget "tabExampleUITests" */;
			buildPhases = (
				827E39F524E1CDDA00CEBBC8 /* Sources */,
				827E39F624E1CDDA00CEBBC8 /* Frameworks */,
				827E39F724E1CDDA00CEBBC8 /* Resources */,
			);
			buildRules = (
			);
			dependencies = (
				827E39FB24E1CDDA00CEBBC8 /* PBXTargetDependency */,
			);
			name = tabExampleUITests;
			productName = tabExampleUITests;
			productReference = 827E39F924E1CDDA00CEBBC8 /* tabExampleUITests.xctest */;
			productType = "com.apple.product-type.bundle.ui-testing";
		};
/* End PBXNativeTarget section */

/* Begin PBXProject section */
		827E39D024E1CDD400CEBBC8 /* Project object */ = {
			isa = PBXProject;
			attributes = {
				LastSwiftUpdateCheck = 1150;
				LastUpgradeCheck = 1150;
				ORGANIZATIONNAME = "jose sanchez";
				TargetAttributes = {
					827E39D724E1CDD400CEBBC8 = {
						CreatedOnToolsVersion = 11.5;
					};
					827E39ED24E1CDDA00CEBBC8 = {
						CreatedOnToolsVersion = 11.5;
						TestTargetID = 827E39D724E1CDD400CEBBC8;
					};
					827E39F824E1CDDA00CEBBC8 = {
						CreatedOnToolsVersion = 11.5;
						TestTargetID = 827E39D724E1CDD400CEBBC8;
					};
				};
			};
			buildConfigurationList = 827E39D324E1CDD400CEBBC8 /* Build configuration list for PBXProject "tabExample" */;
			compatibilityVersion = "Xcode 9.3";
			developmentRegion = en;
			hasScannedForEncodings = 0;
			knownRegions = (
				en,
				Base,
			);
			mainGroup = 827E39CF24E1CDD400CEBBC8;
			productRefGroup = 827E39D924E1CDD400CEBBC8 /* Products */;
			projectDirPath = "";
			projectRoot = "";
			targets = (
				827E39D724E1CDD400CEBBC8 /* tabExample */,
				827E39ED24E1CDDA00CEBBC8 /* tabExampleTests */,
				827E39F824E1CDDA00CEBBC8 /* tabExampleUITests */,
			);
		};
/* End PBXProject section */

/* Begin PBXResourcesBuildPhase section */
		827E39D624E1CDD400CEBBC8 /* Resources */ = {
			isa = PBXResourcesBuildPhase;
			buildActionMask = 2147483647;
			files = (
				827E39E824E1CDDA00CEBBC8 /* LaunchScreen.storyboard in Resources */,
				827E39E524E1CDDA00CEBBC8 /* Assets.xcassets in Resources */,
				827E39E324E1CDD400CEBBC8 /* Main.storyboard in Resources */,
			);
			runOnlyForDeploymentPostprocessing = 0;
		};
		827E39EC24E1CDDA00CEBBC8 /* Resources */ = {
			isa = PBXResourcesBuildPhase;
			buildActionMask = 2147483647;
			files = (
			);
			runOnlyForDeploymentPostprocessing = 0;
		};
		827E39F724E1CDDA00CEBBC8 /* Resources */ = {
			isa = PBXResourcesBuildPhase;
			buildActionMask = 2147483647;
			files = (
			);
			runOnlyForDeploymentPostprocessing = 0;
		};
/* End PBXResourcesBuildPhase section */

/* Begin PBXSourcesBuildPhase section */
		827E39D424E1CDD400CEBBC8 /* Sources */ = {
			isa = PBXSourcesBuildPhase;
			buildActionMask = 2147483647;
			files = (
				827E39E024E1CDD400CEBBC8 /* ViewController.swift in Sources */,
				827E39DC24E1CDD400CEBBC8 /* AppDelegate.swift in Sources */,
				827E39DE24E1CDD400CEBBC8 /* SceneDelegate.swift in Sources */,
			);
			runOnlyForDeploymentPostprocessing = 0;
		};
		827E39EA24E1CDDA00CEBBC8 /* Sources */ = {
			isa = PBXSourcesBuildPhase;
			buildActionMask = 2147483647;
			files = (
				827E39F324E1CDDA00CEBBC8 /* tabExampleTests.swift in Sources */,
			);
			runOnlyForDeploymentPostprocessing = 0;
		};
		827E39F524E1CDDA00CEBBC8 /* Sources */ = {
			isa = PBXSourcesBuildPhase;
			buildActionMask = 2147483647;
			files = (
				827E39FE24E1CDDA00CEBBC8 /* tabExampleUITests.swift in Sources */,
			);
			runOnlyForDeploymentPostprocessing = 0;
		};
/* End PBXSourcesBuildPhase section */

/* Begin PBXTargetDependency section */
		827E39F024E1CDDA00CEBBC8 /* PBXTargetDependency */ = {
			isa = PBXTargetDependency;
			target = 827E39D724E1CDD400CEBBC8 /* tabExample */;
			targetProxy = 827E39EF24E1CDDA00CEBBC8 /* PBXContainerItemProxy */;
		};
		827E39FB24E1CDDA00CEBBC8 /* PBXTargetDependency */ = {
			isa = PBXTargetDependency;
			target = 827E39D724E1CDD400CEBBC8 /* tabExample */;
			targetProxy = 827E39FA24E1CDDA00CEBBC8 /* PBXContainerItemProxy */;
		};
/* End PBXTargetDependency section */

/* Begin PBXVariantGroup section */
		827E39E124E1CDD400CEBBC8 /* Main.storyboard */ = {
			isa = PBXVariantGroup;
			children = (
				827E39E224E1CDD400CEBBC8 /* Base */,
			);
			name = Main.storyboard;
			sourceTree = "<group>";
		};
		827E39E624E1CDDA00CEBBC8 /* LaunchScreen.storyboard */ = {
			isa = PBXVariantGroup;
			children = (
				827E39E724E1CDDA00CEBBC8 /* Base */,
			);
			name = LaunchScreen.storyboard;
			sourceTree = "<group>";
		};
/* End PBXVariantGroup section */

/* Begin XCBuildConfiguration section */
		827E3A0024E1CDDB00CEBBC8 /* Debug */ = {
			isa = XCBuildConfiguration;
			buildSettings = {
				ALWAYS_SEARCH_USER_PATHS = NO;
				CLANG_ANALYZER_NONNULL = YES;
				CLANG_ANALYZER_NUMBER_OBJECT_CONVERSION = YES_AGGRESSIVE;
				CLANG_CXX_LANGUAGE_STANDARD = "gnu++14";
				CLANG_CXX_LIBRARY = "libc++";
				CLANG_ENABLE_MODULES = YES;
				CLANG_ENABLE_OBJC_ARC = YES;
				CLANG_ENABLE_OBJC_WEAK = YES;
				CLANG_WARN_BLOCK_CAPTURE_AUTORELEASING = YES;
				CLANG_WARN_BOOL_CONVERSION = YES;
				CLANG_WARN_COMMA = YES;
				CLANG_WARN_CONSTANT_CONVERSION = YES;
				CLANG_WARN_DEPRECATED_OBJC_IMPLEMENTATIONS = YES;
				CLANG_WARN_DIRECT_OBJC_ISA_USAGE = YES_ERROR;
				CLANG_WARN_DOCUMENTATION_COMMENTS = YES;
				CLANG_WARN_EMPTY_BODY = YES;
				CLANG_WARN_ENUM_CONVERSION = YES;
				CLANG_WARN_INFINITE_RECURSION = YES;
				CLANG_WARN_INT_CONVERSION = YES;
				CLANG_WARN_NON_LITERAL_NULL_CONVERSION = YES;
				CLANG_WARN_OBJC_IMPLICIT_RETAIN_SELF = YES;
				CLANG_WARN_OBJC_LITERAL_CONVERSION = YES;
				CLANG_WARN_OBJC_ROOT_CLASS = YES_ERROR;
				CLANG_WARN_RANGE_LOOP_ANALYSIS = YES;
				CLANG_WARN_STRICT_PROTOTYPES = YES;
				CLANG_WARN_SUSPICIOUS_MOVE = YES;
				CLANG_WARN_UNGUARDED_AVAILABILITY = YES_AGGRESSIVE;
				CLANG_WARN_UNREACHABLE_CODE = YES;
				CLANG_WARN__DUPLICATE_METHOD_MATCH = YES;
				COPY_PHASE_STRIP = NO;
				DEBUG_INFORMATION_FORMAT = dwarf;
				ENABLE_STRICT_OBJC_MSGSEND = YES;
				ENABLE_TESTABILITY = YES;
				GCC_C_LANGUAGE_STANDARD = gnu11;
				GCC_DYNAMIC_NO_PIC = NO;
				GCC_NO_COMMON_BLOCKS = YES;
				GCC_OPTIMIZATION_LEVEL = 0;
				GCC_PREPROCESSOR_DEFINITIONS = (
					"DEBUG=1",
					"$(inherited)",
				);
				GCC_WARN_64_TO_32_BIT_CONVERSION = YES;
				GCC_WARN_ABOUT_RETURN_TYPE = YES_ERROR;
				GCC_WARN_UNDECLARED_SELECTOR = YES;
				GCC_WARN_UNINITIALIZED_AUTOS = YES_AGGRESSIVE;
				GCC_WARN_UNUSED_FUNCTION = YES;
				GCC_WARN_UNUSED_VARIABLE = YES;
				IPHONEOS_DEPLOYMENT_TARGET = 13.5;
				MTL_ENABLE_DEBUG_INFO = INCLUDE_SOURCE;
				MTL_FAST_MATH = YES;
				ONLY_ACTIVE_ARCH = YES;
				SDKROOT = iphoneos;
				SWIFT_ACTIVE_COMPILATION_CONDITIONS = DEBUG;
				SWIFT_OPTIMIZATION_LEVEL = "-Onone";
			};
			name = Debug;
		};
		827E3A0124E1CDDB00CEBBC8 /* Release */ = {
			isa = XCBuildConfiguration;
			buildSettings = {
				ALWAYS_SEARCH_USER_PATHS = NO;
				CLANG_ANALYZER_NONNULL = YES;
				CLANG_ANALYZER_NUMBER_OBJECT_CONVERSION = YES_AGGRESSIVE;
				CLANG_CXX_LANGUAGE_STANDARD = "gnu++14";
				CLANG_CXX_LIBRARY = "libc++";
				CLANG_ENABLE_MODULES = YES;
				CLANG_ENABLE_OBJC_ARC = YES;
				CLANG_ENABLE_OBJC_WEAK = YES;
				CLANG_WARN_BLOCK_CAPTURE_AUTORELEASING = YES;
				CLANG_WARN_BOOL_CONVERSION = YES;
				CLANG_WARN_COMMA = YES;
				CLANG_WARN_CONSTANT_CONVERSION = YES;
				CLANG_WARN_DEPRECATED_OBJC_IMPLEMENTATIONS = YES;
				CLANG_WARN_DIRECT_OBJC_ISA_USAGE = YES_ERROR;
				CLANG_WARN_DOCUMENTATION_COMMENTS = YES;
				CLANG_WARN_EMPTY_BODY = YES;
				CLANG_WARN_ENUM_CONVERSION = YES;
				CLANG_WARN_INFINITE_RECURSION = YES;
				CLANG_WARN_INT_CONVERSION = YES;
				CLANG_WARN_NON_LITERAL_NULL_CONVERSION = YES;
				CLANG_WARN_OBJC_IMPLICIT_RETAIN_SELF = YES;
				CLANG_WARN_OBJC_LITERAL_CONVERSION = YES;
				CLANG_WARN_OBJC_ROOT_CLASS = YES_ERROR;
				CLANG_WARN_RANGE_LOOP_ANALYSIS = YES;
				CLANG_WARN_STRICT_PROTOTYPES = YES;
				CLANG_WARN_SUSPICIOUS_MOVE = YES;
				CLANG_WARN_UNGUARDED_AVAILABILITY = YES_AGGRESSIVE;
				CLANG_WARN_UNREACHABLE_CODE = YES;
				CLANG_WARN__DUPLICATE_METHOD_MATCH = YES;
				COPY_PHASE_STRIP = NO;
				DEBUG_INFORMATION_FORMAT = "dwarf-with-dsym";
				ENABLE_NS_ASSERTIONS = NO;
				ENABLE_STRICT_OBJC_MSGSEND = YES;
				GCC_C_LANGUAGE_STANDARD = gnu11;
				GCC_NO_COMMON_BLOCKS = YES;
				GCC_WARN_64_TO_32_BIT_CONVERSION = YES;
				GCC_WARN_ABOUT_RETURN_TYPE = YES_ERROR;
				GCC_WARN_UNDECLARED_SELECTOR = YES;
				GCC_WARN_UNINITIALIZED_AUTOS = YES_AGGRESSIVE;
				GCC_WARN_UNUSED_FUNCTION = YES;
				GCC_WARN_UNUSED_VARIABLE = YES;
				IPHONEOS_DEPLOYMENT_TARGET = 13.5;
				MTL_ENABLE_DEBUG_INFO = NO;
				MTL_FAST_MATH = YES;
				SDKROOT = iphoneos;
				SWIFT_COMPILATION_MODE = wholemodule;
				SWIFT_OPTIMIZATION_LEVEL = "-O";
				VALIDATE_PRODUCT = YES;
			};
			name = Release;
		};
		827E3A0324E1CDDB00CEBBC8 /* Debug */ = {
			isa = XCBuildConfiguration;
			buildSettings = {
				ASSETCATALOG_COMPILER_APPICON_NAME = AppIcon;
				CODE_SIGN_STYLE = Automatic;
				INFOPLIST_FILE = tabExample/Info.plist;
				LD_RUNPATH_SEARCH_PATHS = (
					"$(inherited)",
					"@executable_path/Frameworks",
				);
				PRODUCT_BUNDLE_IDENTIFIER = dev.josesanchez.tabExample;
				PRODUCT_NAME = "$(TARGET_NAME)";
				SWIFT_VERSION = 5.0;
				TARGETED_DEVICE_FAMILY = "1,2";
			};
			name = Debug;
		};
		827E3A0424E1CDDB00CEBBC8 /* Release */ = {
			isa = XCBuildConfiguration;
			buildSettings = {
				ASSETCATALOG_COMPILER_APPICON_NAME = AppIcon;
				CODE_SIGN_STYLE = Automatic;
				INFOPLIST_FILE = tabExample/Info.plist;
				LD_RUNPATH_SEARCH_PATHS = (
					"$(inherited)",
					"@executable_path/Frameworks",
				);
				PRODUCT_BUNDLE_IDENTIFIER = dev.josesanchez.tabExample;
				PRODUCT_NAME = "$(TARGET_NAME)";
				SWIFT_VERSION = 5.0;
				TARGETED_DEVICE_FAMILY = "1,2";
			};
			name = Release;
		};
		827E3A0624E1CDDB00CEBBC8 /* Debug */ = {
			isa = XCBuildConfiguration;
			buildSettings = {
				ALWAYS_EMBED_SWIFT_STANDARD_LIBRARIES = YES;
				BUNDLE_LOADER = "$(TEST_HOST)";
				CODE_SIGN_STYLE = Automatic;
				INFOPLIST_FILE = tabExampleTests/Info.plist;
				IPHONEOS_DEPLOYMENT_TARGET = 13.5;
				LD_RUNPATH_SEARCH_PATHS = (
					"$(inherited)",
					"@executable_path/Frameworks",
					"@loader_path/Frameworks",
				);
				PRODUCT_BUNDLE_IDENTIFIER = dev.josesanchez.tabExampleTests;
				PRODUCT_NAME = "$(TARGET_NAME)";
				SWIFT_VERSION = 5.0;
				TARGETED_DEVICE_FAMILY = "1,2";
				TEST_HOST = "$(BUILT_PRODUCTS_DIR)/tabExample.app/tabExample";
			};
			name = Debug;
		};
		827E3A0724E1CDDB00CEBBC8 /* Release */ = {
			isa = XCBuildConfiguration;
			buildSettings = {
				ALWAYS_EMBED_SWIFT_STANDARD_LIBRARIES = YES;
				BUNDLE_LOADER = "$(TEST_HOST)";
				CODE_SIGN_STYLE = Automatic;
				INFOPLIST_FILE = tabExampleTests/Info.plist;
				IPHONEOS_DEPLOYMENT_TARGET = 13.5;
				LD_RUNPATH_SEARCH_PATHS = (
					"$(inherited)",
					"@executable_path/Frameworks",
					"@loader_path/Frameworks",
				);
				PRODUCT_BUNDLE_IDENTIFIER = dev.josesanchez.tabExampleTests;
				PRODUCT_NAME = "$(TARGET_NAME)";
				SWIFT_VERSION = 5.0;
				TARGETED_DEVICE_FAMILY = "1,2";
				TEST_HOST = "$(BUILT_PRODUCTS_DIR)/tabExample.app/tabExample";
			};
			name = Release;
		};
		827E3A0924E1CDDB00CEBBC8 /* Debug */ = {
			isa = XCBuildConfiguration;
			buildSettings = {
				ALWAYS_EMBED_SWIFT_STANDARD_LIBRARIES = YES;
				CODE_SIGN_STYLE = Automatic;
				INFOPLIST_FILE = tabExampleUITests/Info.plist;
				LD_RUNPATH_SEARCH_PATHS = (
					"$(inherited)",
					"@executable_path/Frameworks",
					"@loader_path/Frameworks",
				);
				PRODUCT_BUNDLE_IDENTIFIER = dev.josesanchez.tabExampleUITests;
				PRODUCT_NAME = "$(TARGET_NAME)";
				SWIFT_VERSION = 5.0;
				TARGETED_DEVICE_FAMILY = "1,2";
				TEST_TARGET_NAME = tabExample;
			};
			name = Debug;
		};
		827E3A0A24E1CDDB00CEBBC8 /* Release */ = {
			isa = XCBuildConfiguration;
			buildSettings = {
				ALWAYS_EMBED_SWIFT_STANDARD_LIBRARIES = YES;
				CODE_SIGN_STYLE = Automatic;
				INFOPLIST_FILE = tabExampleUITests/Info.plist;
				LD_RUNPATH_SEARCH_PATHS = (
					"$(inherited)",
					"@executable_path/Frameworks",
					"@loader_path/Frameworks",
				);
				PRODUCT_BUNDLE_IDENTIFIER = dev.josesanchez.tabExampleUITests;
				PRODUCT_NAME = "$(TARGET_NAME)";
				SWIFT_VERSION = 5.0;
				TARGETED_DEVICE_FAMILY = "1,2";
				TEST_TARGET_NAME = tabExample;
			};
			name = Release;
		};
/* End XCBuildConfiguration section */

/* Begin XCConfigurationList section */
		827E39D324E1CDD400CEBBC8 /* Build configuration list for PBXProject "tabExample" */ = {
			isa = XCConfigurationList;
			buildConfigurations = (
				827E3A0024E1CDDB00CEBBC8 /* Debug */,
				827E3A0124E1CDDB00CEBBC8 /* Release */,
			);
			defaultConfigurationIsVisible = 0;
			defaultConfigurationName = Release;
		};
		827E3A0224E1CDDB00CEBBC8 /* Build configuration list for PBXNativeTarget "tabExample" */ = {
			isa = XCConfigurationList;
			buildConfigurations = (
				827E3A0324E1CDDB00CEBBC8 /* Debug */,
				827E3A0424E1CDDB00CEBBC8 /* Release */,
			);
			defaultConfigurationIsVisible = 0;
			defaultConfigurationName = Release;
		};
		827E3A0524E1CDDB00CEBBC8 /* Build configuration list for PBXNativeTarget "tabExampleTests" */ = {
			isa = XCConfigurationList;
			buildConfigurations = (
				827E3A0624E1CDDB00CEBBC8 /* Debug */,
				827E3A0724E1CDDB00CEBBC8 /* Release */,
			);
			defaultConfigurationIsVisible = 0;
			defaultConfigurationName = Release;
		};
		827E3A0824E1CDDB00CEBBC8 /* Build configuration list for PBXNativeTarget "tabExampleUITests" */ = {
			isa = XCConfigurationList;
			buildConfigurations = (
				827E3A0924E1CDDB00CEBBC8 /* Debug */,
				827E3A0A24E1CDDB00CEBBC8 /* Release */,
			);
			defaultConfigurationIsVisible = 0;
			defaultConfigurationName = Release;
		};
/* End XCConfigurationList section */
	};
	rootObject = 827E39D024E1CDD400CEBBC8 /* Project object */;
}
